
Microsoft Visual Studio Solution File, Format Version 12.00
# Visual Studio Version 16
VisualStudioVersion = 16.0.30503.244
MinimumVisualStudioVersion = 10.0.40219.1
Project("{FAE04EC0-301F-11D3-BF4B-00C04F79EFBC}") = "Auction", "Auction.csproj", "{0A4A064A-8AA7-4298-A3A6-9BC6630AC97B}"
EndProject
Global
	GlobalSection(SolutionConfigurationPlatforms) = preSolution
		Debug|Any CPU = Debug|Any CPU
		Release|Any CPU = Release|Any CPU
	EndGlobalSection
	GlobalSection(ProjectConfigurationPlatforms) = postSolution
		{0A4A064A-8AA7-4298-A3A6-9BC6630AC97B}.Debug|Any CPU.ActiveCfg = Debug|Any CPU
		{0A4A064A-8AA7-4298-A3A6-9BC6630AC97B}.Debug|Any CPU.Build.0 = Debug|Any CPU
		{0A4A064A-8AA7-4298-A3A6-9BC6630AC97B}.Release|Any CPU.ActiveCfg = Release|Any CPU
		{0A4A064A-8AA7-4298-A3A6-9BC6630AC97B}.Release|Any CPU.Build.0 = Release|Any CPU
	EndGlobalSection
	GlobalSection(SolutionProperties) = preSolution
		HideSolutionNode = FALSE
	EndGlobalSection
	GlobalSection(ExtensibilityGlobals) = postSolution
		SolutionGuid = {88FEEBE8-9605-4DA2-86F3-32B938573B9F}
	EndGlobalSection
EndGlobal
